
Microsoft Visual Studio Solution File, Format Version 12.00
# Visual Studio Version 16
VisualStudioVersion = 16.0.810.8
MinimumVisualStudioVersion = 10.0.40219.1
Project("{FAE04EC0-301F-11D3-BF4B-00C04F79EFBC}") = "BankAccount-Nunit-Testing", "BankAccount-Nunit-Testing\BankAccount-Nunit-Testing.csproj", "{94A95DCD-BFF2-422F-97DA-237A3A2F8F8D}"
EndProject
Project("{FAE04EC0-301F-11D3-BF4B-00C04F79EFBC}") = "Bank.NunitTests", "Bank.NunitTests\Bank.NunitTests.csproj", "{29551E26-3223-44D7-A4E3-63C45FCF5103}"
EndProject
Global
	GlobalSection(SolutionConfigurationPlatforms) = preSolution
		Debug|Any CPU = Debug|Any CPU
		Release|Any CPU = Release|Any CPU
	EndGlobalSection
	GlobalSection(ProjectConfigurationPlatforms) = postSolution
		{94A95DCD-BFF2-422F-97DA-237A3A2F8F8D}.Debug|Any CPU.ActiveCfg = Debug|Any CPU
		{94A95DCD-BFF2-422F-97DA-237A3A2F8F8D}.Debug|Any CPU.Build.0 = Debug|Any CPU
		{94A95DCD-BFF2-422F-97DA-237A3A2F8F8D}.Release|Any CPU.ActiveCfg = Release|Any CPU
		{94A95DCD-BFF2-422F-97DA-237A3A2F8F8D}.Release|Any CPU.Build.0 = Release|Any CPU
		{29551E26-3223-44D7-A4E3-63C45FCF5103}.Debug|Any CPU.ActiveCfg = Debug|Any CPU
		{29551E26-3223-44D7-A4E3-63C45FCF5103}.Debug|Any CPU.Build.0 = Debug|Any CPU
		{29551E26-3223-44D7-A4E3-63C45FCF5103}.Release|Any CPU.ActiveCfg = Release|Any CPU
		{29551E26-3223-44D7-A4E3-63C45FCF5103}.Release|Any CPU.Build.0 = Release|Any CPU
	EndGlobalSection
	GlobalSection(SolutionProperties) = preSolution
		HideSolutionNode = FALSE
	EndGlobalSection
	GlobalSection(ExtensibilityGlobals) = postSolution
		SolutionGuid = {8B50F411-B951-4C15-8A12-D1D0699A3D12}
	EndGlobalSection
EndGlobal
